// !$*UTF8*$!
{
	archiveVersion = 1;
	classes = {
	};
	objectVersion = 46;
	objects = {

/* Begin PBXBuildFile section */
		8D7D2F4B1C1ABA8B000E0ACE /* 4.jpg in Resources */ = {isa = PBXBuildFile; fileRef = 8D7D2F4A1C1ABA8B000E0ACE /* 4.jpg */; };
		8D991D591C0D7A1E00C5CFE1 /* main.m in Sources */ = {isa = PBXBuildFile; fileRef = 8D991D581C0D7A1E00C5CFE1 /* main.m */; };
		8D991D5C1C0D7A1E00C5CFE1 /* AppDelegate.m in Sources */ = {isa = PBXBuildFile; fileRef = 8D991D5B1C0D7A1E00C5CFE1 /* AppDelegate.m */; };
		8D991D5F1C0D7A1E00C5CFE1 /* ViewController.m in Sources */ = {isa = PBXBuildFile; fileRef = 8D991D5E1C0D7A1E00C5CFE1 /* ViewController.m */; };
		8D991D621C0D7A1E00C5CFE1 /* Main.storyboard in Resources */ = {isa = PBXBuildFile; fileRef = 8D991D601C0D7A1E00C5CFE1 /* Main.storyboard */; };
		8D991D641C0D7A1E00C5CFE1 /* Assets.xcassets in Resources */ = {isa = PBXBuildFile; fileRef = 8D991D631C0D7A1E00C5CFE1 /* Assets.xcassets */; };
		8D991D671C0D7A1E00C5CFE1 /* LaunchScreen.storyboard in Resources */ = {isa = PBXBuildFile; fileRef = 8D991D651C0D7A1E00C5CFE1 /* LaunchScreen.storyboard */; };
		8D991D721C0D7A1E00C5CFE1 /* _11111UITests.m in Sources */ = {isa = PBXBuildFile; fileRef = 8D991D711C0D7A1E00C5CFE1 /* _11111UITests.m */; };
		8D991D7D1C0D7A3200C5CFE1 /* 3.jpg in Resources */ = {isa = PBXBuildFile; fileRef = 8D991D7C1C0D7A3200C5CFE1 /* 3.jpg */; };
		8D991DB81C0D80A700C5CFE1 /* AnimatedDesalination.m in Sources */ = {isa = PBXBuildFile; fileRef = 8D991DB71C0D80A700C5CFE1 /* AnimatedDesalination.m */; };
		8D991DBB1C0D86E800C5CFE1 /* Animateds.m in Sources */ = {isa = PBXBuildFile; fileRef = 8D991DBA1C0D86E800C5CFE1 /* Animateds.m */; };
		8D991DBE1C0D89C500C5CFE1 /* CALayer+Am.m in Sources */ = {isa = PBXBuildFile; fileRef = 8D991DBD1C0D89C500C5CFE1 /* CALayer+Am.m */; };
		8D991DC11C0D98AF00C5CFE1 /* AnimatedRotate.m in Sources */ = {isa = PBXBuildFile; fileRef = 8D991DC01C0D98AF00C5CFE1 /* AnimatedRotate.m */; };
/* End PBXBuildFile section */

/* Begin PBXContainerItemProxy section */
		8D991D6E1C0D7A1E00C5CFE1 /* PBXContainerItemProxy */ = {
			isa = PBXContainerItemProxy;
			containerPortal = 8D991D4C1C0D7A1E00C5CFE1 /* Project object */;
			proxyType = 1;
			remoteGlobalIDString = 8D991D531C0D7A1E00C5CFE1;
			remoteInfo = 111111;
		};
/* End PBXContainerItemProxy section */

/* Begin PBXFileReference section */
		8D7D2F4A1C1ABA8B000E0ACE /* 4.jpg */ = {isa = PBXFileReference; lastKnownFileType = image.jpeg; path = 4.jpg; sourceTree = "<group>"; };
		8D991D541C0D7A1E00C5CFE1 /* StartUpAnimation.app */ = {isa = PBXFileReference; explicitFileType = wrapper.application; includeInIndex = 0; path = StartUpAnimation.app; sourceTree = BUILT_PRODUCTS_DIR; };
		8D991D581C0D7A1E00C5CFE1 /* main.m */ = {isa = PBXFileReference; lastKnownFileType = sourcecode.c.objc; path = main.m; sourceTree = "<group>"; };
		8D991D5A1C0D7A1E00C5CFE1 /* AppDelegate.h */ = {isa = PBXFileReference; lastKnownFileType = sourcecode.c.h; path = AppDelegate.h; sourceTree = "<group>"; };
		8D991D5B1C0D7A1E00C5CFE1 /* AppDelegate.m */ = {isa = PBXFileReference; lastKnownFileType = sourcecode.c.objc; path = AppDelegate.m; sourceTree = "<group>"; };
		8D991D5D1C0D7A1E00C5CFE1 /* ViewController.h */ = {isa = PBXFileReference; lastKnownFileType = sourcecode.c.h; path = ViewController.h; sourceTree = "<group>"; };
		8D991D5E1C0D7A1E00C5CFE1 /* ViewController.m */ = {isa = PBXFileReference; lastKnownFileType = sourcecode.c.objc; path = ViewController.m; sourceTree = "<group>"; };
		8D991D611C0D7A1E00C5CFE1 /* Base */ = {isa = PBXFileReference; lastKnownFileType = file.storyboard; name = Base; path = Base.lproj/Main.storyboard; sourceTree = "<group>"; };
		8D991D631C0D7A1E00C5CFE1 /* Assets.xcassets */ = {isa = PBXFileReference; lastKnownFileType = folder.assetcatalog; path = Assets.xcassets; sourceTree = "<group>"; };
		8D991D661C0D7A1E00C5CFE1 /* Base */ = {isa = PBXFileReference; lastKnownFileType = file.storyboard; name = Base; path = Base.lproj/LaunchScreen.storyboard; sourceTree = "<group>"; };
		8D991D681C0D7A1E00C5CFE1 /* Info.plist */ = {isa = PBXFileReference; lastKnownFileType = text.plist.xml; path = Info.plist; sourceTree = "<group>"; };
		8D991D6D1C0D7A1E00C5CFE1 /* StartUpAnimation.xctest */ = {isa = PBXFileReference; explicitFileType = wrapper.cfbundle; includeInIndex = 0; path = StartUpAnimation.xctest; sourceTree = BUILT_PRODUCTS_DIR; };
		8D991D711C0D7A1E00C5CFE1 /* _11111UITests.m */ = {isa = PBXFileReference; lastKnownFileType = sourcecode.c.objc; path = _11111UITests.m; sourceTree = "<group>"; };
		8D991D731C0D7A1E00C5CFE1 /* Info.plist */ = {isa = PBXFileReference; lastKnownFileType = text.plist.xml; path = Info.plist; sourceTree = "<group>"; };
		8D991D7C1C0D7A3200C5CFE1 /* 3.jpg */ = {isa = PBXFileReference; lastKnownFileType = image.jpeg; path = 3.jpg; sourceTree = "<group>"; };
		8D991DB61C0D80A700C5CFE1 /* AnimatedDesalination.h */ = {isa = PBXFileReference; fileEncoding = 4; lastKnownFileType = sourcecode.c.h; path = AnimatedDesalination.h; sourceTree = "<group>"; };
		8D991DB71C0D80A700C5CFE1 /* AnimatedDesalination.m */ = {isa = PBXFileReference; fileEncoding = 4; lastKnownFileType = sourcecode.c.objc; path = AnimatedDesalination.m; sourceTree = "<group>"; };
		8D991DB91C0D86E800C5CFE1 /* Animateds.h */ = {isa = PBXFileReference; fileEncoding = 4; lastKnownFileType = sourcecode.c.h; path = Animateds.h; sourceTree = "<group>"; };
		8D991DBA1C0D86E800C5CFE1 /* Animateds.m */ = {isa = PBXFileReference; fileEncoding = 4; lastKnownFileType = sourcecode.c.objc; path = Animateds.m; sourceTree = "<group>"; };
		8D991DBC1C0D89C500C5CFE1 /* CALayer+Am.h */ = {isa = PBXFileReference; fileEncoding = 4; lastKnownFileType = sourcecode.c.h; path = "CALayer+Am.h"; sourceTree = "<group>"; };
		8D991DBD1C0D89C500C5CFE1 /* CALayer+Am.m */ = {isa = PBXFileReference; fileEncoding = 4; lastKnownFileType = sourcecode.c.objc; path = "CALayer+Am.m"; sourceTree = "<group>"; };
		8D991DBF1C0D98AF00C5CFE1 /* AnimatedRotate.h */ = {isa = PBXFileReference; fileEncoding = 4; lastKnownFileType = sourcecode.c.h; path = AnimatedRotate.h; sourceTree = "<group>"; };
		8D991DC01C0D98AF00C5CFE1 /* AnimatedRotate.m */ = {isa = PBXFileReference; fileEncoding = 4; lastKnownFileType = sourcecode.c.objc; path = AnimatedRotate.m; sourceTree = "<group>"; };
/* End PBXFileReference section */

/* Begin PBXFrameworksBuildPhase section */
		8D991D511C0D7A1E00C5CFE1 /* Frameworks */ = {
			isa = PBXFrameworksBuildPhase;
			buildActionMask = 2147483647;
			files = (
			);
			runOnlyForDeploymentPostprocessing = 0;
		};
		8D991D6A1C0D7A1E00C5CFE1 /* Frameworks */ = {
			isa = PBXFrameworksBuildPhase;
			buildActionMask = 2147483647;
			files = (
			);
			runOnlyForDeploymentPostprocessing = 0;
		};
/* End PBXFrameworksBuildPhase section */

/* Begin PBXGroup section */
		8D991D4B1C0D7A1E00C5CFE1 = {
			isa = PBXGroup;
			children = (
				8D991D561C0D7A1E00C5CFE1 /* StartUpAnimation */,
				8D991D701C0D7A1E00C5CFE1 /* StartUpAnimationUITests */,
				8D991D551C0D7A1E00C5CFE1 /* Products */,
			);
			sourceTree = "<group>";
		};
		8D991D551C0D7A1E00C5CFE1 /* Products */ = {
			isa = PBXGroup;
			children = (
				8D991D541C0D7A1E00C5CFE1 /* StartUpAnimation.app */,
				8D991D6D1C0D7A1E00C5CFE1 /* StartUpAnimation.xctest */,
			);
			name = Products;
			sourceTree = "<group>";
		};
		8D991D561C0D7A1E00C5CFE1 /* StartUpAnimation */ = {
			isa = PBXGroup;
			children = (
				8D991D7E1C0D7A3A00C5CFE1 /* CoreLaunch */,
				8D991D5A1C0D7A1E00C5CFE1 /* AppDelegate.h */,
				8D991D5B1C0D7A1E00C5CFE1 /* AppDelegate.m */,
				8D991DB61C0D80A700C5CFE1 /* AnimatedDesalination.h */,
				8D991DB71C0D80A700C5CFE1 /* AnimatedDesalination.m */,
				8D991DB91C0D86E800C5CFE1 /* Animateds.h */,
				8D991DBA1C0D86E800C5CFE1 /* Animateds.m */,
				8D991DBC1C0D89C500C5CFE1 /* CALayer+Am.h */,
				8D991DBD1C0D89C500C5CFE1 /* CALayer+Am.m */,
				8D991DBF1C0D98AF00C5CFE1 /* AnimatedRotate.h */,
				8D991DC01C0D98AF00C5CFE1 /* AnimatedRotate.m */,
				8D991D571C0D7A1E00C5CFE1 /* Supporting Files */,
			);
			name = StartUpAnimation;
			path = 111111;
			sourceTree = "<group>";
		};
		8D991D571C0D7A1E00C5CFE1 /* Supporting Files */ = {
			isa = PBXGroup;
			children = (
				8D991D5D1C0D7A1E00C5CFE1 /* ViewController.h */,
				8D991D5E1C0D7A1E00C5CFE1 /* ViewController.m */,
				8D991D601C0D7A1E00C5CFE1 /* Main.storyboard */,
				8D991D631C0D7A1E00C5CFE1 /* Assets.xcassets */,
				8D991D651C0D7A1E00C5CFE1 /* LaunchScreen.storyboard */,
				8D991D681C0D7A1E00C5CFE1 /* Info.plist */,
				8D7D2F4A1C1ABA8B000E0ACE /* 4.jpg */,
				8D991D7C1C0D7A3200C5CFE1 /* 3.jpg */,
				8D991D581C0D7A1E00C5CFE1 /* main.m */,
			);
			name = "Supporting Files";
			sourceTree = "<group>";
		};
		8D991D701C0D7A1E00C5CFE1 /* StartUpAnimationUITests */ = {
			isa = PBXGroup;
			children = (
				8D991D711C0D7A1E00C5CFE1 /* _11111UITests.m */,
				8D991D731C0D7A1E00C5CFE1 /* Info.plist */,
			);
			name = StartUpAnimationUITests;
			path = 111111UITests;
			sourceTree = "<group>";
		};
		8D991D7E1C0D7A3A00C5CFE1 /* CoreLaunch */ = {
			isa = PBXGroup;
			children = (
			);
			path = CoreLaunch;
			sourceTree = "<group>";
		};
/* End PBXGroup section */

/* Begin PBXNativeTarget section */
		8D991D531C0D7A1E00C5CFE1 /* StartUpAnimation */ = {
			isa = PBXNativeTarget;
			buildConfigurationList = 8D991D761C0D7A1E00C5CFE1 /* Build configuration list for PBXNativeTarget "StartUpAnimation" */;
			buildPhases = (
				8D991D501C0D7A1E00C5CFE1 /* Sources */,
				8D991D511C0D7A1E00C5CFE1 /* Frameworks */,
				8D991D521C0D7A1E00C5CFE1 /* Resources */,
			);
			buildRules = (
			);
			dependencies = (
			);
			name = StartUpAnimation;
			productName = 111111;
			productReference = 8D991D541C0D7A1E00C5CFE1 /* StartUpAnimation.app */;
			productType = "com.apple.product-type.application";
		};
		8D991D6C1C0D7A1E00C5CFE1 /* StartUpAnimationUITests */ = {
			isa = PBXNativeTarget;
			buildConfigurationList = 8D991D791C0D7A1E00C5CFE1 /* Build configuration list for PBXNativeTarget "StartUpAnimationUITests" */;
			buildPhases = (
				8D991D691C0D7A1E00C5CFE1 /* Sources */,
				8D991D6A1C0D7A1E00C5CFE1 /* Frameworks */,
				8D991D6B1C0D7A1E00C5CFE1 /* Resources */,
			);
			buildRules = (
			);
			dependencies = (
				8D991D6F1C0D7A1E00C5CFE1 /* PBXTargetDependency */,
			);
			name = StartUpAnimationUITests;
			productName = 111111UITests;
			productReference = 8D991D6D1C0D7A1E00C5CFE1 /* StartUpAnimation.xctest */;
			productType = "com.apple.product-type.bundle.ui-testing";
		};
/* End PBXNativeTarget section */

/* Begin PBXProject section */
		8D991D4C1C0D7A1E00C5CFE1 /* Project object */ = {
			isa = PBXProject;
			attributes = {
				LastUpgradeCheck = 0710;
				ORGANIZATIONNAME = xinxibin;
				TargetAttributes = {
					8D991D531C0D7A1E00C5CFE1 = {
						CreatedOnToolsVersion = 7.1.1;
					};
					8D991D6C1C0D7A1E00C5CFE1 = {
						CreatedOnToolsVersion = 7.1.1;
						TestTargetID = 8D991D531C0D7A1E00C5CFE1;
					};
				};
			};
			buildConfigurationList = 8D991D4F1C0D7A1E00C5CFE1 /* Build configuration list for PBXProject "StartUpAnimation" */;
			compatibilityVersion = "Xcode 3.2";
			developmentRegion = English;
			hasScannedForEncodings = 0;
			knownRegions = (
				en,
				Base,
			);
			mainGroup = 8D991D4B1C0D7A1E00C5CFE1;
			productRefGroup = 8D991D551C0D7A1E00C5CFE1 /* Products */;
			projectDirPath = "";
			projectRoot = "";
			targets = (
				8D991D531C0D7A1E00C5CFE1 /* StartUpAnimation */,
				8D991D6C1C0D7A1E00C5CFE1 /* StartUpAnimationUITests */,
			);
		};
/* End PBXProject section */

/* Begin PBXResourcesBuildPhase section */
		8D991D521C0D7A1E00C5CFE1 /* Resources */ = {
			isa = PBXResourcesBuildPhase;
			buildActionMask = 2147483647;
			files = (
				8D991D671C0D7A1E00C5CFE1 /* LaunchScreen.storyboard in Resources */,
				8D991D641C0D7A1E00C5CFE1 /* Assets.xcassets in Resources */,
				8D991D621C0D7A1E00C5CFE1 /* Main.storyboard in Resources */,
				8D7D2F4B1C1ABA8B000E0ACE /* 4.jpg in Resources */,
				8D991D7D1C0D7A3200C5CFE1 /* 3.jpg in Resources */,
			);
			runOnlyForDeploymentPostprocessing = 0;
		};
		8D991D6B1C0D7A1E00C5CFE1 /* Resources */ = {
			isa = PBXResourcesBuildPhase;
			buildActionMask = 2147483647;
			files = (
			);
			runOnlyForDeploymentPostprocessing = 0;
		};
/* End PBXResourcesBuildPhase section */

/* Begin PBXSourcesBuildPhase section */
		8D991D501C0D7A1E00C5CFE1 /* Sources */ = {
			isa = PBXSourcesBuildPhase;
			buildActionMask = 2147483647;
			files = (
				8D991DBB1C0D86E800C5CFE1 /* Animateds.m in Sources */,
				8D991DBE1C0D89C500C5CFE1 /* CALayer+Am.m in Sources */,
				8D991D5F1C0D7A1E00C5CFE1 /* ViewController.m in Sources */,
				8D991D5C1C0D7A1E00C5CFE1 /* AppDelegate.m in Sources */,
				8D991DB81C0D80A700C5CFE1 /* AnimatedDesalination.m in Sources */,
				8D991DC11C0D98AF00C5CFE1 /* AnimatedRotate.m in Sources */,
				8D991D591C0D7A1E00C5CFE1 /* main.m in Sources */,
			);
			runOnlyForDeploymentPostprocessing = 0;
		};
		8D991D691C0D7A1E00C5CFE1 /* Sources */ = {
			isa = PBXSourcesBuildPhase;
			buildActionMask = 2147483647;
			files = (
				8D991D721C0D7A1E00C5CFE1 /* _11111UITests.m in Sources */,
			);
			runOnlyForDeploymentPostprocessing = 0;
		};
/* End PBXSourcesBuildPhase section */

/* Begin PBXTargetDependency section */
		8D991D6F1C0D7A1E00C5CFE1 /* PBXTargetDependency */ = {
			isa = PBXTargetDependency;
			target = 8D991D531C0D7A1E00C5CFE1 /* StartUpAnimation */;
			targetProxy = 8D991D6E1C0D7A1E00C5CFE1 /* PBXContainerItemProxy */;
		};
/* End PBXTargetDependency section */

/* Begin PBXVariantGroup section */
		8D991D601C0D7A1E00C5CFE1 /* Main.storyboard */ = {
			isa = PBXVariantGroup;
			children = (
				8D991D611C0D7A1E00C5CFE1 /* Base */,
			);
			name = Main.storyboard;
			sourceTree = "<group>";
		};
		8D991D651C0D7A1E00C5CFE1 /* LaunchScreen.storyboard */ = {
			isa = PBXVariantGroup;
			children = (
				8D991D661C0D7A1E00C5CFE1 /* Base */,
			);
			name = LaunchScreen.storyboard;
			sourceTree = "<group>";
		};
/* End PBXVariantGroup section */

/* Begin XCBuildConfiguration section */
		8D991D741C0D7A1E00C5CFE1 /* Debug */ = {
			isa = XCBuildConfiguration;
			buildSettings = {
				ALWAYS_SEARCH_USER_PATHS = NO;
				CLANG_CXX_LANGUAGE_STANDARD = "gnu++0x";
				CLANG_CXX_LIBRARY = "libc++";
				CLANG_ENABLE_MODULES = YES;
				CLANG_ENABLE_OBJC_ARC = YES;
				CLANG_WARN_BOOL_CONVERSION = YES;
				CLANG_WARN_CONSTANT_CONVERSION = YES;
				CLANG_WARN_DIRECT_OBJC_ISA_USAGE = YES_ERROR;
				CLANG_WARN_EMPTY_BODY = YES;
				CLANG_WARN_ENUM_CONVERSION = YES;
				CLANG_WARN_INT_CONVERSION = YES;
				CLANG_WARN_OBJC_ROOT_CLASS = YES_ERROR;
				CLANG_WARN_UNREACHABLE_CODE = YES;
				CLANG_WARN__DUPLICATE_METHOD_MATCH = YES;
				"CODE_SIGN_IDENTITY[sdk=iphoneos*]" = "iPhone Developer";
				COPY_PHASE_STRIP = NO;
				DEBUG_INFORMATION_FORMAT = dwarf;
				ENABLE_STRICT_OBJC_MSGSEND = YES;
				ENABLE_TESTABILITY = YES;
				GCC_C_LANGUAGE_STANDARD = gnu99;
				GCC_DYNAMIC_NO_PIC = NO;
				GCC_NO_COMMON_BLOCKS = YES;
				GCC_OPTIMIZATION_LEVEL = 0;
				GCC_PREPROCESSOR_DEFINITIONS = (
					"DEBUG=1",
					"$(inherited)",
				);
				GCC_WARN_64_TO_32_BIT_CONVERSION = YES;
				GCC_WARN_ABOUT_RETURN_TYPE = YES_ERROR;
				GCC_WARN_UNDECLARED_SELECTOR = YES;
				GCC_WARN_UNINITIALIZED_AUTOS = YES_AGGRESSIVE;
				GCC_WARN_UNUSED_FUNCTION = YES;
				GCC_WARN_UNUSED_VARIABLE = YES;
				IPHONEOS_DEPLOYMENT_TARGET = 9.1;
				MTL_ENABLE_DEBUG_INFO = YES;
				ONLY_ACTIVE_ARCH = YES;
				SDKROOT = iphoneos;
			};
			name = Debug;
		};
		8D991D751C0D7A1E00C5CFE1 /* Release */ = {
			isa = XCBuildConfiguration;
			buildSettings = {
				ALWAYS_SEARCH_USER_PATHS = NO;
				CLANG_CXX_LANGUAGE_STANDARD = "gnu++0x";
				CLANG_CXX_LIBRARY = "libc++";
				CLANG_ENABLE_MODULES = YES;
				CLANG_ENABLE_OBJC_ARC = YES;
				CLANG_WARN_BOOL_CONVERSION = YES;
				CLANG_WARN_CONSTANT_CONVERSION = YES;
				CLANG_WARN_DIRECT_OBJC_ISA_USAGE = YES_ERROR;
				CLANG_WARN_EMPTY_BODY = YES;
				CLANG_WARN_ENUM_CONVERSION = YES;
				CLANG_WARN_INT_CONVERSION = YES;
				CLANG_WARN_OBJC_ROOT_CLASS = YES_ERROR;
				CLANG_WARN_UNREACHABLE_CODE = YES;
				CLANG_WARN__DUPLICATE_METHOD_MATCH = YES;
				"CODE_SIGN_IDENTITY[sdk=iphoneos*]" = "iPhone Developer";
				COPY_PHASE_STRIP = NO;
				DEBUG_INFORMATION_FORMAT = "dwarf-with-dsym";
				ENABLE_NS_ASSERTIONS = NO;
				ENABLE_STRICT_OBJC_MSGSEND = YES;
				GCC_C_LANGUAGE_STANDARD = gnu99;
				GCC_NO_COMMON_BLOCKS = YES;
				GCC_WARN_64_TO_32_BIT_CONVERSION = YES;
				GCC_WARN_ABOUT_RETURN_TYPE = YES_ERROR;
				GCC_WARN_UNDECLARED_SELECTOR = YES;
				GCC_WARN_UNINITIALIZED_AUTOS = YES_AGGRESSIVE;
				GCC_WARN_UNUSED_FUNCTION = YES;
				GCC_WARN_UNUSED_VARIABLE = YES;
				IPHONEOS_DEPLOYMENT_TARGET = 9.1;
				MTL_ENABLE_DEBUG_INFO = NO;
				SDKROOT = iphoneos;
				VALIDATE_PRODUCT = YES;
			};
			name = Release;
		};
		8D991D771C0D7A1E00C5CFE1 /* Debug */ = {
			isa = XCBuildConfiguration;
			buildSettings = {
				ASSETCATALOG_COMPILER_APPICON_NAME = AppIcon;
				INFOPLIST_FILE = 111111/Info.plist;
				IPHONEOS_DEPLOYMENT_TARGET = 8.3;
				LD_RUNPATH_SEARCH_PATHS = "$(inherited) @executable_path/Frameworks";
				PRODUCT_BUNDLE_IDENTIFIER = "-06907778.-11111";
				PRODUCT_NAME = StartUpAnimation;
			};
			name = Debug;
		};
		8D991D781C0D7A1E00C5CFE1 /* Release */ = {
			isa = XCBuildConfiguration;
			buildSettings = {
				ASSETCATALOG_COMPILER_APPICON_NAME = AppIcon;
				INFOPLIST_FILE = 111111/Info.plist;
				IPHONEOS_DEPLOYMENT_TARGET = 8.3;
				LD_RUNPATH_SEARCH_PATHS = "$(inherited) @executable_path/Frameworks";
				PRODUCT_BUNDLE_IDENTIFIER = "-06907778.-11111";
				PRODUCT_NAME = StartUpAnimation;
			};
			name = Release;
		};
		8D991D7A1C0D7A1E00C5CFE1 /* Debug */ = {
			isa = XCBuildConfiguration;
			buildSettings = {
				INFOPLIST_FILE = 111111UITests/Info.plist;
				LD_RUNPATH_SEARCH_PATHS = "$(inherited) @executable_path/Frameworks @loader_path/Frameworks";
				PRODUCT_BUNDLE_IDENTIFIER = "-06907778.-11111UITests";
				PRODUCT_NAME = StartUpAnimation;
				TEST_TARGET_NAME = 111111;
				USES_XCTRUNNER = YES;
			};
			name = Debug;
		};
		8D991D7B1C0D7A1E00C5CFE1 /* Release */ = {
			isa = XCBuildConfiguration;
			buildSettings = {
				INFOPLIST_FILE = 111111UITests/Info.plist;
				LD_RUNPATH_SEARCH_PATHS = "$(inherited) @executable_path/Frameworks @loader_path/Frameworks";
				PRODUCT_BUNDLE_IDENTIFIER = "-06907778.-11111UITests";
				PRODUCT_NAME = StartUpAnimation;
				TEST_TARGET_NAME = 111111;
				USES_XCTRUNNER = YES;
			};
			name = Release;
		};
/* End XCBuildConfiguration section */

/* Begin XCConfigurationList section */
		8D991D4F1C0D7A1E00C5CFE1 /* Build configuration list for PBXProject "StartUpAnimation" */ = {
			isa = XCConfigurationList;
			buildConfigurations = (
				8D991D741C0D7A1E00C5CFE1 /* Debug */,
				8D991D751C0D7A1E00C5CFE1 /* Release */,
			);
			defaultConfigurationIsVisible = 0;
			defaultConfigurationName = Release;
		};
		8D991D761C0D7A1E00C5CFE1 /* Build configuration list for PBXNativeTarget "StartUpAnimation" */ = {
			isa = XCConfigurationList;
			buildConfigurations = (
				8D991D771C0D7A1E00C5CFE1 /* Debug */,
				8D991D781C0D7A1E00C5CFE1 /* Release */,
			);
			defaultConfigurationIsVisible = 0;
			defaultConfigurationName = Release;
		};
		8D991D791C0D7A1E00C5CFE1 /* Build configuration list for PBXNativeTarget "StartUpAnimationUITests" */ = {
			isa = XCConfigurationList;
			buildConfigurations = (
				8D991D7A1C0D7A1E00C5CFE1 /* Debug */,
				8D991D7B1C0D7A1E00C5CFE1 /* Release */,
			);
			defaultConfigurationIsVisible = 0;
			defaultConfigurationName = Release;
		};
/* End XCConfigurationList section */
	};
	rootObject = 8D991D4C1C0D7A1E00C5CFE1 /* Project object */;
}
